
Microsoft Visual Studio Solution File, Format Version 12.00
# Visual Studio Version 16
VisualStudioVersion = 16.0.32929.386
MinimumVisualStudioVersion = 10.0.40219.1
Project("{F184B08F-C81C-45F6-A57F-5ABD9991F28F}") = "Assignment2_ES", "Assignment2_ES\Assignment2_ES.vbproj", "{3D670F0D-F53F-455A-AB9E-3A3C8EC464D8}"
EndProject
Global
	GlobalSection(SolutionConfigurationPlatforms) = preSolution
		Debug|Any CPU = Debug|Any CPU
		Release|Any CPU = Release|Any CPU
	EndGlobalSection
	GlobalSection(ProjectConfigurationPlatforms) = postSolution
		{3D670F0D-F53F-455A-AB9E-3A3C8EC464D8}.Debug|Any CPU.ActiveCfg = Debug|Any CPU
		{3D670F0D-F53F-455A-AB9E-3A3C8EC464D8}.Debug|Any CPU.Build.0 = Debug|Any CPU
		{3D670F0D-F53F-455A-AB9E-3A3C8EC464D8}.Release|Any CPU.ActiveCfg = Release|Any CPU
		{3D670F0D-F53F-455A-AB9E-3A3C8EC464D8}.Release|Any CPU.Build.0 = Release|Any CPU
	EndGlobalSection
	GlobalSection(SolutionProperties) = preSolution
		HideSolutionNode = FALSE
	EndGlobalSection
	GlobalSection(ExtensibilityGlobals) = postSolution
		SolutionGuid = {61145778-4155-49E9-966D-BFF1E311372C}
	EndGlobalSection
EndGlobal
